
Microsoft Visual Studio Solution File, Format Version 12.00
# Visual Studio Version 17
VisualStudioVersion = 17.3.32922.545
MinimumVisualStudioVersion = 10.0.40219.1
Project("{FAE04EC0-301F-11D3-BF4B-00C04F79EFBC}") = "Labb 1C", "Labb 1C\Labb 1C.csproj", "{C662F16F-50D8-4AF8-AFA6-4ED62B6BD9B0}"
EndProject
Global
	GlobalSection(SolutionConfigurationPlatforms) = preSolution
		Debug|Any CPU = Debug|Any CPU
		Release|Any CPU = Release|Any CPU
	EndGlobalSection
	GlobalSection(ProjectConfigurationPlatforms) = postSolution
		{C662F16F-50D8-4AF8-AFA6-4ED62B6BD9B0}.Debug|Any CPU.ActiveCfg = Debug|Any CPU
		{C662F16F-50D8-4AF8-AFA6-4ED62B6BD9B0}.Debug|Any CPU.Build.0 = Debug|Any CPU
		{C662F16F-50D8-4AF8-AFA6-4ED62B6BD9B0}.Release|Any CPU.ActiveCfg = Release|Any CPU
		{C662F16F-50D8-4AF8-AFA6-4ED62B6BD9B0}.Release|Any CPU.Build.0 = Release|Any CPU
	EndGlobalSection
	GlobalSection(SolutionProperties) = preSolution
		HideSolutionNode = FALSE
	EndGlobalSection
	GlobalSection(ExtensibilityGlobals) = postSolution
		SolutionGuid = {7D7C3639-D8D8-443B-B212-72894DA2F9C0}
	EndGlobalSection
EndGlobal
